
Microsoft Visual Studio Solution File, Format Version 12.00
# Visual Studio 14
VisualStudioVersion = 14.0.25420.1
MinimumVisualStudioVersion = 10.0.40219.1
Project("{FAE04EC0-301F-11D3-BF4B-00C04F79EFBC}") = "XamarinStarter", "XamarinStarter\XamarinStarter\XamarinStarter.csproj", "{2C9484E8-50C7-4810-A1A5-E57133049751}"
EndProject
Project("{FAE04EC0-301F-11D3-BF4B-00C04F79EFBC}") = "XamarinStarter.Droid", "XamarinStarter\XamarinStarter.Droid\XamarinStarter.Droid.csproj", "{4DFC2884-6AAC-4BC6-8D79-51E572F5BA2C}"
EndProject
Project("{FAE04EC0-301F-11D3-BF4B-00C04F79EFBC}") = "XamarinStarter.UWP", "XamarinStarter.UWP\XamarinStarter.UWP.csproj", "{141EE7E3-1090-491C-975F-3C82090EA0C3}"
EndProject
Global
	GlobalSection(SolutionConfigurationPlatforms) = preSolution
		Debug|Any CPU = Debug|Any CPU
		Debug|ARM = Debug|ARM
		Debug|x64 = Debug|x64
		Debug|x86 = Debug|x86
		Release|Any CPU = Release|Any CPU
		Release|ARM = Release|ARM
		Release|x64 = Release|x64
		Release|x86 = Release|x86
	EndGlobalSection
	GlobalSection(ProjectConfigurationPlatforms) = postSolution
		{2C9484E8-50C7-4810-A1A5-E57133049751}.Debug|Any CPU.ActiveCfg = Debug|Any CPU
		{2C9484E8-50C7-4810-A1A5-E57133049751}.Debug|Any CPU.Build.0 = Debug|Any CPU
		{2C9484E8-50C7-4810-A1A5-E57133049751}.Debug|ARM.ActiveCfg = Debug|Any CPU
		{2C9484E8-50C7-4810-A1A5-E57133049751}.Debug|ARM.Build.0 = Debug|Any CPU
		{2C9484E8-50C7-4810-A1A5-E57133049751}.Debug|x64.ActiveCfg = Debug|Any CPU
		{2C9484E8-50C7-4810-A1A5-E57133049751}.Debug|x64.Build.0 = Debug|Any CPU
		{2C9484E8-50C7-4810-A1A5-E57133049751}.Debug|x86.ActiveCfg = Debug|Any CPU
		{2C9484E8-50C7-4810-A1A5-E57133049751}.Debug|x86.Build.0 = Debug|Any CPU
		{2C9484E8-50C7-4810-A1A5-E57133049751}.Release|Any CPU.ActiveCfg = Release|Any CPU
		{2C9484E8-50C7-4810-A1A5-E57133049751}.Release|Any CPU.Build.0 = Release|Any CPU
		{2C9484E8-50C7-4810-A1A5-E57133049751}.Release|ARM.ActiveCfg = Release|Any CPU
		{2C9484E8-50C7-4810-A1A5-E57133049751}.Release|ARM.Build.0 = Release|Any CPU
		{2C9484E8-50C7-4810-A1A5-E57133049751}.Release|x64.ActiveCfg = Release|Any CPU
		{2C9484E8-50C7-4810-A1A5-E57133049751}.Release|x64.Build.0 = Release|Any CPU
		{2C9484E8-50C7-4810-A1A5-E57133049751}.Release|x86.ActiveCfg = Release|Any CPU
		{2C9484E8-50C7-4810-A1A5-E57133049751}.Release|x86.Build.0 = Release|Any CPU
		{4DFC2884-6AAC-4BC6-8D79-51E572F5BA2C}.Debug|Any CPU.ActiveCfg = Debug|Any CPU
		{4DFC2884-6AAC-4BC6-8D79-51E572F5BA2C}.Debug|Any CPU.Build.0 = Debug|Any CPU
		{4DFC2884-6AAC-4BC6-8D79-51E572F5BA2C}.Debug|Any CPU.Deploy.0 = Debug|Any CPU
		{4DFC2884-6AAC-4BC6-8D79-51E572F5BA2C}.Debug|ARM.ActiveCfg = Debug|Any CPU
		{4DFC2884-6AAC-4BC6-8D79-51E572F5BA2C}.Debug|ARM.Build.0 = Debug|Any CPU
		{4DFC2884-6AAC-4BC6-8D79-51E572F5BA2C}.Debug|ARM.Deploy.0 = Debug|Any CPU
		{4DFC2884-6AAC-4BC6-8D79-51E572F5BA2C}.Debug|x64.ActiveCfg = Debug|Any CPU
		{4DFC2884-6AAC-4BC6-8D79-51E572F5BA2C}.Debug|x64.Build.0 = Debug|Any CPU
		{4DFC2884-6AAC-4BC6-8D79-51E572F5BA2C}.Debug|x64.Deploy.0 = Debug|Any CPU
		{4DFC2884-6AAC-4BC6-8D79-51E572F5BA2C}.Debug|x86.ActiveCfg = Debug|Any CPU
		{4DFC2884-6AAC-4BC6-8D79-51E572F5BA2C}.Debug|x86.Build.0 = Debug|Any CPU
		{4DFC2884-6AAC-4BC6-8D79-51E572F5BA2C}.Debug|x86.Deploy.0 = Debug|Any CPU
		{4DFC2884-6AAC-4BC6-8D79-51E572F5BA2C}.Release|Any CPU.ActiveCfg = Release|Any CPU
		{4DFC2884-6AAC-4BC6-8D79-51E572F5BA2C}.Release|Any CPU.Build.0 = Release|Any CPU
		{4DFC2884-6AAC-4BC6-8D79-51E572F5BA2C}.Release|Any CPU.Deploy.0 = Release|Any CPU
		{4DFC2884-6AAC-4BC6-8D79-51E572F5BA2C}.Release|ARM.ActiveCfg = Release|Any CPU
		{4DFC2884-6AAC-4BC6-8D79-51E572F5BA2C}.Release|ARM.Build.0 = Release|Any CPU
		{4DFC2884-6AAC-4BC6-8D79-51E572F5BA2C}.Release|ARM.Deploy.0 = Release|Any CPU
		{4DFC2884-6AAC-4BC6-8D79-51E572F5BA2C}.Release|x64.ActiveCfg = Release|Any CPU
		{4DFC2884-6AAC-4BC6-8D79-51E572F5BA2C}.Release|x64.Build.0 = Release|Any CPU
		{4DFC2884-6AAC-4BC6-8D79-51E572F5BA2C}.Release|x64.Deploy.0 = Release|Any CPU
		{4DFC2884-6AAC-4BC6-8D79-51E572F5BA2C}.Release|x86.ActiveCfg = Release|Any CPU
		{4DFC2884-6AAC-4BC6-8D79-51E572F5BA2C}.Release|x86.Build.0 = Release|Any CPU
		{4DFC2884-6AAC-4BC6-8D79-51E572F5BA2C}.Release|x86.Deploy.0 = Release|Any CPU
		{141EE7E3-1090-491C-975F-3C82090EA0C3}.Debug|Any CPU.ActiveCfg = Debug|x86
		{141EE7E3-1090-491C-975F-3C82090EA0C3}.Debug|Any CPU.Build.0 = Debug|x86
		{141EE7E3-1090-491C-975F-3C82090EA0C3}.Debug|Any CPU.Deploy.0 = Debug|x86
		{141EE7E3-1090-491C-975F-3C82090EA0C3}.Debug|ARM.ActiveCfg = Debug|ARM
		{141EE7E3-1090-491C-975F-3C82090EA0C3}.Debug|ARM.Build.0 = Debug|ARM
		{141EE7E3-1090-491C-975F-3C82090EA0C3}.Debug|ARM.Deploy.0 = Debug|ARM
		{141EE7E3-1090-491C-975F-3C82090EA0C3}.Debug|x64.ActiveCfg = Debug|x64
		{141EE7E3-1090-491C-975F-3C82090EA0C3}.Debug|x64.Build.0 = Debug|x64
		{141EE7E3-1090-491C-975F-3C82090EA0C3}.Debug|x64.Deploy.0 = Debug|x64
		{141EE7E3-1090-491C-975F-3C82090EA0C3}.Debug|x86.ActiveCfg = Debug|x86
		{141EE7E3-1090-491C-975F-3C82090EA0C3}.Debug|x86.Build.0 = Debug|x86
		{141EE7E3-1090-491C-975F-3C82090EA0C3}.Debug|x86.Deploy.0 = Debug|x86
		{141EE7E3-1090-491C-975F-3C82090EA0C3}.Release|Any CPU.ActiveCfg = Release|x86
		{141EE7E3-1090-491C-975F-3C82090EA0C3}.Release|ARM.ActiveCfg = Release|ARM
		{141EE7E3-1090-491C-975F-3C82090EA0C3}.Release|ARM.Build.0 = Release|ARM
		{141EE7E3-1090-491C-975F-3C82090EA0C3}.Release|ARM.Deploy.0 = Release|ARM
		{141EE7E3-1090-491C-975F-3C82090EA0C3}.Release|x64.ActiveCfg = Release|x64
		{141EE7E3-1090-491C-975F-3C82090EA0C3}.Release|x64.Build.0 = Release|x64
		{141EE7E3-1090-491C-975F-3C82090EA0C3}.Release|x64.Deploy.0 = Release|x64
		{141EE7E3-1090-491C-975F-3C82090EA0C3}.Release|x86.ActiveCfg = Release|x86
		{141EE7E3-1090-491C-975F-3C82090EA0C3}.Release|x86.Build.0 = Release|x86
		{141EE7E3-1090-491C-975F-3C82090EA0C3}.Release|x86.Deploy.0 = Release|x86
	EndGlobalSection
	GlobalSection(SolutionProperties) = preSolution
		HideSolutionNode = FALSE
	EndGlobalSection
EndGlobal
